
Microsoft Visual Studio Solution File, Format Version 12.00
# Visual Studio Version 17
VisualStudioVersion = 17.0.32126.317
MinimumVisualStudioVersion = 10.0.40219.1
Project("{2150E333-8FDC-42A3-9474-1A3956D46DE8}") = "Services", "Services", "{F7D9277B-9D93-4612-BF66-699501EF65C8}"
EndProject
Project("{2150E333-8FDC-42A3-9474-1A3956D46DE8}") = "Catalog", "Catalog", "{6AB679F3-8A3F-43B7-8F07-AB1E75F30B89}"
EndProject
Project("{FAE04EC0-301F-11D3-BF4B-00C04F79EFBC}") = "Catalog.API", "Services\Catalog\Catalog.API\Catalog.API.csproj", "{850A6A0B-1970-43FA-8FEC-F9455E5243D3}"
EndProject
Global
	GlobalSection(SolutionConfigurationPlatforms) = preSolution
		Debug|Any CPU = Debug|Any CPU
		Release|Any CPU = Release|Any CPU
	EndGlobalSection
	GlobalSection(ProjectConfigurationPlatforms) = postSolution
		{850A6A0B-1970-43FA-8FEC-F9455E5243D3}.Debug|Any CPU.ActiveCfg = Debug|Any CPU
		{850A6A0B-1970-43FA-8FEC-F9455E5243D3}.Debug|Any CPU.Build.0 = Debug|Any CPU
		{850A6A0B-1970-43FA-8FEC-F9455E5243D3}.Release|Any CPU.ActiveCfg = Release|Any CPU
		{850A6A0B-1970-43FA-8FEC-F9455E5243D3}.Release|Any CPU.Build.0 = Release|Any CPU
	EndGlobalSection
	GlobalSection(SolutionProperties) = preSolution
		HideSolutionNode = FALSE
	EndGlobalSection
	GlobalSection(NestedProjects) = preSolution
		{6AB679F3-8A3F-43B7-8F07-AB1E75F30B89} = {F7D9277B-9D93-4612-BF66-699501EF65C8}
		{850A6A0B-1970-43FA-8FEC-F9455E5243D3} = {6AB679F3-8A3F-43B7-8F07-AB1E75F30B89}
	EndGlobalSection
	GlobalSection(ExtensibilityGlobals) = postSolution
		SolutionGuid = {6A1BB92A-9C7A-40C4-A082-3CE916C1AF01}
	EndGlobalSection
EndGlobal
